
Microsoft Visual Studio Solution File, Format Version 12.00
# Visual Studio Version 16
VisualStudioVersion = 16.0.31613.86
MinimumVisualStudioVersion = 10.0.40219.1
Project("{9A19103F-16F7-4668-BE54-9A1E7A4F7556}") = "trackingtime.Common", "TrackingTime\trackingtime.Common.csproj", "{63FBC3C2-D8EC-43F5-93A3-C083080C64A9}"
EndProject
Project("{9A19103F-16F7-4668-BE54-9A1E7A4F7556}") = "trackingtime.Functions", "trackingtime.Functions\trackingtime.Functions.csproj", "{A2876E0B-7B6A-4945-9EED-1D613C7C5909}"
EndProject
Project("{9A19103F-16F7-4668-BE54-9A1E7A4F7556}") = "trackingtime.Test", "trackingtime.Test\trackingtime.Test.csproj", "{4DAC3BFA-1CA2-449F-BA42-31A76EBA8347}"
EndProject
Global
	GlobalSection(SolutionConfigurationPlatforms) = preSolution
		Debug|Any CPU = Debug|Any CPU
		Release|Any CPU = Release|Any CPU
	EndGlobalSection
	GlobalSection(ProjectConfigurationPlatforms) = postSolution
		{63FBC3C2-D8EC-43F5-93A3-C083080C64A9}.Debug|Any CPU.ActiveCfg = Debug|Any CPU
		{63FBC3C2-D8EC-43F5-93A3-C083080C64A9}.Debug|Any CPU.Build.0 = Debug|Any CPU
		{63FBC3C2-D8EC-43F5-93A3-C083080C64A9}.Release|Any CPU.ActiveCfg = Release|Any CPU
		{63FBC3C2-D8EC-43F5-93A3-C083080C64A9}.Release|Any CPU.Build.0 = Release|Any CPU
		{A2876E0B-7B6A-4945-9EED-1D613C7C5909}.Debug|Any CPU.ActiveCfg = Debug|Any CPU
		{A2876E0B-7B6A-4945-9EED-1D613C7C5909}.Debug|Any CPU.Build.0 = Debug|Any CPU
		{A2876E0B-7B6A-4945-9EED-1D613C7C5909}.Release|Any CPU.ActiveCfg = Release|Any CPU
		{A2876E0B-7B6A-4945-9EED-1D613C7C5909}.Release|Any CPU.Build.0 = Release|Any CPU
		{4DAC3BFA-1CA2-449F-BA42-31A76EBA8347}.Debug|Any CPU.ActiveCfg = Debug|Any CPU
		{4DAC3BFA-1CA2-449F-BA42-31A76EBA8347}.Debug|Any CPU.Build.0 = Debug|Any CPU
		{4DAC3BFA-1CA2-449F-BA42-31A76EBA8347}.Release|Any CPU.ActiveCfg = Release|Any CPU
		{4DAC3BFA-1CA2-449F-BA42-31A76EBA8347}.Release|Any CPU.Build.0 = Release|Any CPU
	EndGlobalSection
	GlobalSection(SolutionProperties) = preSolution
		HideSolutionNode = FALSE
	EndGlobalSection
	GlobalSection(ExtensibilityGlobals) = postSolution
		SolutionGuid = {F88C2066-CCB2-4DB0-9EAD-78065C7772CB}
	EndGlobalSection
EndGlobal
